
Microsoft Visual Studio Solution File, Format Version 12.00
# Visual Studio Version 17
VisualStudioVersion = 17.9.34728.123
MinimumVisualStudioVersion = 10.0.40219.1
Project("{FAE04EC0-301F-11D3-BF4B-00C04F79EFBC}") = "Lab4_LibraryManagement", "Lab4_LibraryManagement\Lab4_LibraryManagement.csproj", "{BB346B56-A5A4-4894-A4B9-72EC59BA8201}"
EndProject
Global
	GlobalSection(SolutionConfigurationPlatforms) = preSolution
		Debug|Any CPU = Debug|Any CPU
		Release|Any CPU = Release|Any CPU
	EndGlobalSection
	GlobalSection(ProjectConfigurationPlatforms) = postSolution
		{BB346B56-A5A4-4894-A4B9-72EC59BA8201}.Debug|Any CPU.ActiveCfg = Debug|Any CPU
		{BB346B56-A5A4-4894-A4B9-72EC59BA8201}.Debug|Any CPU.Build.0 = Debug|Any CPU
		{BB346B56-A5A4-4894-A4B9-72EC59BA8201}.Release|Any CPU.ActiveCfg = Release|Any CPU
		{BB346B56-A5A4-4894-A4B9-72EC59BA8201}.Release|Any CPU.Build.0 = Release|Any CPU
	EndGlobalSection
	GlobalSection(SolutionProperties) = preSolution
		HideSolutionNode = FALSE
	EndGlobalSection
	GlobalSection(ExtensibilityGlobals) = postSolution
		SolutionGuid = {5325574B-F051-4F41-9611-6772A18723A4}
	EndGlobalSection
EndGlobal
